github.com/spf13/pflag v1.0.5 h1:iy+VFUOCP1a+8yFto/drg2CJ5u0yRoB7fZw3DKv/JXA=
github.com/spf13/pflag v1.0.5/go.mod h1:McXfInJRrz4CZXVZOBLb0bTZqETkiAhM9Iw0y3An2Bg=
libvirt.org/go/libvirt v1.10002.0 h1:ZFQsv1G8HE8SYhLBqaOuxze6+f00x96khLwn54aWJnI=
libvirt.org/go/libvirt v1.10002.0/go.mod h1:1WiFE8EjZfq+FCVog+rvr1yatKbKZ9FaFMZgEqxEJqQ=
